// !$*UTF8*$!
{
	archiveVersion = 1;
	classes = {
	};
	objectVersion = 46;
	objects = {

/* Begin PBXBuildFile section */
		CA70C11F1BD8542E00293D40 /* AppDelegate.swift in Sources */ = {isa = PBXBuildFile; fileRef = CA70C11E1BD8542E00293D40 /* AppDelegate.swift */; };
		CA70C1211BD8542E00293D40 /* ViewController.swift in Sources */ = {isa = PBXBuildFile; fileRef = CA70C1201BD8542E00293D40 /* ViewController.swift */; };
		CA70C1241BD8542E00293D40 /* Main.storyboard in Resources */ = {isa = PBXBuildFile; fileRef = CA70C1221BD8542E00293D40 /* Main.storyboard */; };
		CA70C1261BD8542E00293D40 /* Assets.xcassets in Resources */ = {isa = PBXBuildFile; fileRef = CA70C1251BD8542E00293D40 /* Assets.xcassets */; };
		CA70C1291BD8542E00293D40 /* LaunchScreen.storyboard in Resources */ = {isa = PBXBuildFile; fileRef = CA70C1271BD8542E00293D40 /* LaunchScreen.storyboard */; };
		CA70C1341BD8542F00293D40 /* MailboxTests.swift in Sources */ = {isa = PBXBuildFile; fileRef = CA70C1331BD8542F00293D40 /* MailboxTests.swift */; };
		CA70C13F1BD8542F00293D40 /* MailboxUITests.swift in Sources */ = {isa = PBXBuildFile; fileRef = CA70C13E1BD8542F00293D40 /* MailboxUITests.swift */; };
/* End PBXBuildFile section */

/* Begin PBXContainerItemProxy section */
		CA70C1301BD8542F00293D40 /* PBXContainerItemProxy */ = {
			isa = PBXContainerItemProxy;
			containerPortal = CA70C1131BD8542E00293D40 /* Project object */;
			proxyType = 1;
			remoteGlobalIDString = CA70C11A1BD8542E00293D40;
			remoteInfo = Mailbox;
		};
		CA70C13B1BD8542F00293D40 /* PBXContainerItemProxy */ = {
			isa = PBXContainerItemProxy;
			containerPortal = CA70C1131BD8542E00293D40 /* Project object */;
			proxyType = 1;
			remoteGlobalIDString = CA70C11A1BD8542E00293D40;
			remoteInfo = Mailbox;
		};
/* End PBXContainerItemProxy section */

/* Begin PBXFileReference section */
		CA70C11B1BD8542E00293D40 /* Mailbox.app */ = {isa = PBXFileReference; explicitFileType = wrapper.application; includeInIndex = 0; path = Mailbox.app; sourceTree = BUILT_PRODUCTS_DIR; };
		CA70C11E1BD8542E00293D40 /* AppDelegate.swift */ = {isa = PBXFileReference; lastKnownFileType = sourcecode.swift; path = AppDelegate.swift; sourceTree = "<group>"; };
		CA70C1201BD8542E00293D40 /* ViewController.swift */ = {isa = PBXFileReference; lastKnownFileType = sourcecode.swift; path = ViewController.swift; sourceTree = "<group>"; };
		CA70C1231BD8542E00293D40 /* Base */ = {isa = PBXFileReference; lastKnownFileType = file.storyboard; name = Base; path = Base.lproj/Main.storyboard; sourceTree = "<group>"; };
		CA70C1251BD8542E00293D40 /* Assets.xcassets */ = {isa = PBXFileReference; lastKnownFileType = folder.assetcatalog; path = Assets.xcassets; sourceTree = "<group>"; };
		CA70C1281BD8542E00293D40 /* Base */ = {isa = PBXFileReference; lastKnownFileType = file.storyboard; name = Base; path = Base.lproj/LaunchScreen.storyboard; sourceTree = "<group>"; };
		CA70C12A1BD8542E00293D40 /* Info.plist */ = {isa = PBXFileReference; lastKnownFileType = text.plist.xml; path = Info.plist; sourceTree = "<group>"; };
		CA70C12F1BD8542F00293D40 /* MailboxTests.xctest */ = {isa = PBXFileReference; explicitFileType = wrapper.cfbundle; includeInIndex = 0; path = MailboxTests.xctest; sourceTree = BUILT_PRODUCTS_DIR; };
		CA70C1331BD8542F00293D40 /* MailboxTests.swift */ = {isa = PBXFileReference; lastKnownFileType = sourcecode.swift; path = MailboxTests.swift; sourceTree = "<group>"; };
		CA70C1351BD8542F00293D40 /* Info.plist */ = {isa = PBXFileReference; lastKnownFileType = text.plist.xml; path = Info.plist; sourceTree = "<group>"; };
		CA70C13A1BD8542F00293D40 /* MailboxUITests.xctest */ = {isa = PBXFileReference; explicitFileType = wrapper.cfbundle; includeInIndex = 0; path = MailboxUITests.xctest; sourceTree = BUILT_PRODUCTS_DIR; };
		CA70C13E1BD8542F00293D40 /* MailboxUITests.swift */ = {isa = PBXFileReference; lastKnownFileType = sourcecode.swift; path = MailboxUITests.swift; sourceTree = "<group>"; };
		CA70C1401BD8542F00293D40 /* Info.plist */ = {isa = PBXFileReference; lastKnownFileType = text.plist.xml; path = Info.plist; sourceTree = "<group>"; };
/* End PBXFileReference section */

/* Begin PBXFrameworksBuildPhase section */
		CA70C1181BD8542E00293D40 /* Frameworks */ = {
			isa = PBXFrameworksBuildPhase;
			buildActionMask = 2147483647;
			files = (
			);
			runOnlyForDeploymentPostprocessing = 0;
		};
		CA70C12C1BD8542F00293D40 /* Frameworks */ = {
			isa = PBXFrameworksBuildPhase;
			buildActionMask = 2147483647;
			files = (
			);
			runOnlyForDeploymentPostprocessing = 0;
		};
		CA70C1371BD8542F00293D40 /* Frameworks */ = {
			isa = PBXFrameworksBuildPhase;
			buildActionMask = 2147483647;
			files = (
			);
			runOnlyForDeploymentPostprocessing = 0;
		};
/* End PBXFrameworksBuildPhase section */

/* Begin PBXGroup section */
		CA70C1121BD8542E00293D40 = {
			isa = PBXGroup;
			children = (
				CA70C11D1BD8542E00293D40 /* Mailbox */,
				CA70C1321BD8542F00293D40 /* MailboxTests */,
				CA70C13D1BD8542F00293D40 /* MailboxUITests */,
				CA70C11C1BD8542E00293D40 /* Products */,
			);
			sourceTree = "<group>";
		};
		CA70C11C1BD8542E00293D40 /* Products */ = {
			isa = PBXGroup;
			children = (
				CA70C11B1BD8542E00293D40 /* Mailbox.app */,
				CA70C12F1BD8542F00293D40 /* MailboxTests.xctest */,
				CA70C13A1BD8542F00293D40 /* MailboxUITests.xctest */,
			);
			name = Products;
			sourceTree = "<group>";
		};
		CA70C11D1BD8542E00293D40 /* Mailbox */ = {
			isa = PBXGroup;
			children = (
				CA70C11E1BD8542E00293D40 /* AppDelegate.swift */,
				CA70C1201BD8542E00293D40 /* ViewController.swift */,
				CA70C1221BD8542E00293D40 /* Main.storyboard */,
				CA70C1251BD8542E00293D40 /* Assets.xcassets */,
				CA70C1271BD8542E00293D40 /* LaunchScreen.storyboard */,
				CA70C12A1BD8542E00293D40 /* Info.plist */,
			);
			path = Mailbox;
			sourceTree = "<group>";
		};
		CA70C1321BD8542F00293D40 /* MailboxTests */ = {
			isa = PBXGroup;
			children = (
				CA70C1331BD8542F00293D40 /* MailboxTests.swift */,
				CA70C1351BD8542F00293D40 /* Info.plist */,
			);
			path = MailboxTests;
			sourceTree = "<group>";
		};
		CA70C13D1BD8542F00293D40 /* MailboxUITests */ = {
			isa = PBXGroup;
			children = (
				CA70C13E1BD8542F00293D40 /* MailboxUITests.swift */,
				CA70C1401BD8542F00293D40 /* Info.plist */,
			);
			path = MailboxUITests;
			sourceTree = "<group>";
		};
/* End PBXGroup section */

/* Begin PBXNativeTarget section */
		CA70C11A1BD8542E00293D40 /* Mailbox */ = {
			isa = PBXNativeTarget;
			buildConfigurationList = CA70C1431BD8542F00293D40 /* Build configuration list for PBXNativeTarget "Mailbox" */;
			buildPhases = (
				CA70C1171BD8542E00293D40 /* Sources */,
				CA70C1181BD8542E00293D40 /* Frameworks */,
				CA70C1191BD8542E00293D40 /* Resources */,
			);
			buildRules = (
			);
			dependencies = (
			);
			name = Mailbox;
			productName = Mailbox;
			productReference = CA70C11B1BD8542E00293D40 /* Mailbox.app */;
			productType = "com.apple.product-type.application";
		};
		CA70C12E1BD8542F00293D40 /* MailboxTests */ = {
			isa = PBXNativeTarget;
			buildConfigurationList = CA70C1461BD8542F00293D40 /* Build configuration list for PBXNativeTarget "MailboxTests" */;
			buildPhases = (
				CA70C12B1BD8542F00293D40 /* Sources */,
				CA70C12C1BD8542F00293D40 /* Frameworks */,
				CA70C12D1BD8542F00293D40 /* Resources */,
			);
			buildRules = (
			);
			dependencies = (
				CA70C1311BD8542F00293D40 /* PBXTargetDependency */,
			);
			name = MailboxTests;
			productName = MailboxTests;
			productReference = CA70C12F1BD8542F00293D40 /* MailboxTests.xctest */;
			productType = "com.apple.product-type.bundle.unit-test";
		};
		CA70C1391BD8542F00293D40 /* MailboxUITests */ = {
			isa = PBXNativeTarget;
			buildConfigurationList = CA70C1491BD8542F00293D40 /* Build configuration list for PBXNativeTarget "MailboxUITests" */;
			buildPhases = (
				CA70C1361BD8542F00293D40 /* Sources */,
				CA70C1371BD8542F00293D40 /* Frameworks */,
				CA70C1381BD8542F00293D40 /* Resources */,
			);
			buildRules = (
			);
			dependencies = (
				CA70C13C1BD8542F00293D40 /* PBXTargetDependency */,
			);
			name = MailboxUITests;
			productName = MailboxUITests;
			productReference = CA70C13A1BD8542F00293D40 /* MailboxUITests.xctest */;
			productType = "com.apple.product-type.bundle.ui-testing";
		};
/* End PBXNativeTarget section */

/* Begin PBXProject section */
		CA70C1131BD8542E00293D40 /* Project object */ = {
			isa = PBXProject;
			attributes = {
				LastUpgradeCheck = 0700;
				ORGANIZATIONNAME = Teus;
				TargetAttributes = {
					CA70C11A1BD8542E00293D40 = {
						CreatedOnToolsVersion = 7.0;
						DevelopmentTeam = H8U2TA4KA6;
					};
					CA70C12E1BD8542F00293D40 = {
						CreatedOnToolsVersion = 7.0;
						DevelopmentTeam = H8U2TA4KA6;
						TestTargetID = CA70C11A1BD8542E00293D40;
					};
					CA70C1391BD8542F00293D40 = {
						CreatedOnToolsVersion = 7.0;
						DevelopmentTeam = H8U2TA4KA6;
						TestTargetID = CA70C11A1BD8542E00293D40;
					};
				};
			};
			buildConfigurationList = CA70C1161BD8542E00293D40 /* Build configuration list for PBXProject "Mailbox" */;
			compatibilityVersion = "Xcode 3.2";
			developmentRegion = English;
			hasScannedForEncodings = 0;
			knownRegions = (
				en,
				Base,
			);
			mainGroup = CA70C1121BD8542E00293D40;
			productRefGroup = CA70C11C1BD8542E00293D40 /* Products */;
			projectDirPath = "";
			projectRoot = "";
			targets = (
				CA70C11A1BD8542E00293D40 /* Mailbox */,
				CA70C12E1BD8542F00293D40 /* MailboxTests */,
				CA70C1391BD8542F00293D40 /* MailboxUITests */,
			);
		};
/* End PBXProject section */

/* Begin PBXResourcesBuildPhase section */
		CA70C1191BD8542E00293D40 /* Resources */ = {
			isa = PBXResourcesBuildPhase;
			buildActionMask = 2147483647;
			files = (
				CA70C1291BD8542E00293D40 /* LaunchScreen.storyboard in Resources */,
				CA70C1261BD8542E00293D40 /* Assets.xcassets in Resources */,
				CA70C1241BD8542E00293D40 /* Main.storyboard in Resources */,
			);
			runOnlyForDeploymentPostprocessing = 0;
		};
		CA70C12D1BD8542F00293D40 /* Resources */ = {
			isa = PBXResourcesBuildPhase;
			buildActionMask = 2147483647;
			files = (
			);
			runOnlyForDeploymentPostprocessing = 0;
		};
		CA70C1381BD8542F00293D40 /* Resources */ = {
			isa = PBXResourcesBuildPhase;
			buildActionMask = 2147483647;
			files = (
			);
			runOnlyForDeploymentPostprocessing = 0;
		};
/* End PBXResourcesBuildPhase section */

/* Begin PBXSourcesBuildPhase section */
		CA70C1171BD8542E00293D40 /* Sources */ = {
			isa = PBXSourcesBuildPhase;
			buildActionMask = 2147483647;
			files = (
				CA70C1211BD8542E00293D40 /* ViewController.swift in Sources */,
				CA70C11F1BD8542E00293D40 /* AppDelegate.swift in Sources */,
			);
			runOnlyForDeploymentPostprocessing = 0;
		};
		CA70C12B1BD8542F00293D40 /* Sources */ = {
			isa = PBXSourcesBuildPhase;
			buildActionMask = 2147483647;
			files = (
				CA70C1341BD8542F00293D40 /* MailboxTests.swift in Sources */,
			);
			runOnlyForDeploymentPostprocessing = 0;
		};
		CA70C1361BD8542F00293D40 /* Sources */ = {
			isa = PBXSourcesBuildPhase;
			buildActionMask = 2147483647;
			files = (
				CA70C13F1BD8542F00293D40 /* MailboxUITests.swift in Sources */,
			);
			runOnlyForDeploymentPostprocessing = 0;
		};
/* End PBXSourcesBuildPhase section */

/* Begin PBXTargetDependency section */
		CA70C1311BD8542F00293D40 /* PBXTargetDependency */ = {
			isa = PBXTargetDependency;
			target = CA70C11A1BD8542E00293D40 /* Mailbox */;
			targetProxy = CA70C1301BD8542F00293D40 /* PBXContainerItemProxy */;
		};
		CA70C13C1BD8542F00293D40 /* PBXTargetDependency */ = {
			isa = PBXTargetDependency;
			target = CA70C11A1BD8542E00293D40 /* Mailbox */;
			targetProxy = CA70C13B1BD8542F00293D40 /* PBXContainerItemProxy */;
		};
/* End PBXTargetDependency section */

/* Begin PBXVariantGroup section */
		CA70C1221BD8542E00293D40 /* Main.storyboard */ = {
			isa = PBXVariantGroup;
			children = (
				CA70C1231BD8542E00293D40 /* Base */,
			);
			name = Main.storyboard;
			sourceTree = "<group>";
		};
		CA70C1271BD8542E00293D40 /* LaunchScreen.storyboard */ = {
			isa = PBXVariantGroup;
			children = (
				CA70C1281BD8542E00293D40 /* Base */,
			);
			name = LaunchScreen.storyboard;
			sourceTree = "<group>";
		};
/* End PBXVariantGroup section */

/* Begin XCBuildConfiguration section */
		CA70C1411BD8542F00293D40 /* Debug */ = {
			isa = XCBuildConfiguration;
			buildSettings = {
				ALWAYS_SEARCH_USER_PATHS = NO;
				CLANG_CXX_LANGUAGE_STANDARD = "gnu++0x";
				CLANG_CXX_LIBRARY = "libc++";
				CLANG_ENABLE_MODULES = YES;
				CLANG_ENABLE_OBJC_ARC = YES;
				CLANG_WARN_BOOL_CONVERSION = YES;
				CLANG_WARN_CONSTANT_CONVERSION = YES;
				CLANG_WARN_DIRECT_OBJC_ISA_USAGE = YES_ERROR;
				CLANG_WARN_EMPTY_BODY = YES;
				CLANG_WARN_ENUM_CONVERSION = YES;
				CLANG_WARN_INT_CONVERSION = YES;
				CLANG_WARN_OBJC_ROOT_CLASS = YES_ERROR;
				CLANG_WARN_UNREACHABLE_CODE = YES;
				CLANG_WARN__DUPLICATE_METHOD_MATCH = YES;
				"CODE_SIGN_IDENTITY[sdk=iphoneos*]" = "iPhone Developer";
				COPY_PHASE_STRIP = NO;
				DEBUG_INFORMATION_FORMAT = dwarf;
				ENABLE_STRICT_OBJC_MSGSEND = YES;
				ENABLE_TESTABILITY = YES;
				GCC_C_LANGUAGE_STANDARD = gnu99;
				GCC_DYNAMIC_NO_PIC = NO;
				GCC_NO_COMMON_BLOCKS = YES;
				GCC_OPTIMIZATION_LEVEL = 0;
				GCC_PREPROCESSOR_DEFINITIONS = (
					"DEBUG=1",
					"$(inherited)",
				);
				GCC_WARN_64_TO_32_BIT_CONVERSION = YES;
				GCC_WARN_ABOUT_RETURN_TYPE = YES_ERROR;
				GCC_WARN_UNDECLARED_SELECTOR = YES;
				GCC_WARN_UNINITIALIZED_AUTOS = YES_AGGRESSIVE;
				GCC_WARN_UNUSED_FUNCTION = YES;
				GCC_WARN_UNUSED_VARIABLE = YES;
				IPHONEOS_DEPLOYMENT_TARGET = 9.0;
				MTL_ENABLE_DEBUG_INFO = YES;
				ONLY_ACTIVE_ARCH = YES;
				SDKROOT = iphoneos;
				SWIFT_OPTIMIZATION_LEVEL = "-Onone";
			};
			name = Debug;
		};
		CA70C1421BD8542F00293D40 /* Release */ = {
			isa = XCBuildConfiguration;
			buildSettings = {
				ALWAYS_SEARCH_USER_PATHS = NO;
				CLANG_CXX_LANGUAGE_STANDARD = "gnu++0x";
				CLANG_CXX_LIBRARY = "libc++";
				CLANG_ENABLE_MODULES = YES;
				CLANG_ENABLE_OBJC_ARC = YES;
				CLANG_WARN_BOOL_CONVERSION = YES;
				CLANG_WARN_CONSTANT_CONVERSION = YES;
				CLANG_WARN_DIRECT_OBJC_ISA_USAGE = YES_ERROR;
				CLANG_WARN_EMPTY_BODY = YES;
				CLANG_WARN_ENUM_CONVERSION = YES;
				CLANG_WARN_INT_CONVERSION = YES;
				CLANG_WARN_OBJC_ROOT_CLASS = YES_ERROR;
				CLANG_WARN_UNREACHABLE_CODE = YES;
				CLANG_WARN__DUPLICATE_METHOD_MATCH = YES;
				"CODE_SIGN_IDENTITY[sdk=iphoneos*]" = "iPhone Developer";
				COPY_PHASE_STRIP = NO;
				DEBUG_INFORMATION_FORMAT = "dwarf-with-dsym";
				ENABLE_NS_ASSERTIONS = NO;
				ENABLE_STRICT_OBJC_MSGSEND = YES;
				GCC_C_LANGUAGE_STANDARD = gnu99;
				GCC_NO_COMMON_BLOCKS = YES;
				GCC_WARN_64_TO_32_BIT_CONVERSION = YES;
				GCC_WARN_ABOUT_RETURN_TYPE = YES_ERROR;
				GCC_WARN_UNDECLARED_SELECTOR = YES;
				GCC_WARN_UNINITIALIZED_AUTOS = YES_AGGRESSIVE;
				GCC_WARN_UNUSED_FUNCTION = YES;
				GCC_WARN_UNUSED_VARIABLE = YES;
				IPHONEOS_DEPLOYMENT_TARGET = 9.0;
				MTL_ENABLE_DEBUG_INFO = NO;
				SDKROOT = iphoneos;
				VALIDATE_PRODUCT = YES;
			};
			name = Release;
		};
		CA70C1441BD8542F00293D40 /* Debug */ = {
			isa = XCBuildConfiguration;
			buildSettings = {
				ASSETCATALOG_COMPILER_APPICON_NAME = AppIcon;
				INFOPLIST_FILE = Mailbox/Info.plist;
				LD_RUNPATH_SEARCH_PATHS = "$(inherited) @executable_path/Frameworks";
				PRODUCT_BUNDLE_IDENTIFIER = com.teus.Mailbox;
				PRODUCT_NAME = "$(TARGET_NAME)";
			};
			name = Debug;
		};
		CA70C1451BD8542F00293D40 /* Release */ = {
			isa = XCBuildConfiguration;
			buildSettings = {
				ASSETCATALOG_COMPILER_APPICON_NAME = AppIcon;
				INFOPLIST_FILE = Mailbox/Info.plist;
				LD_RUNPATH_SEARCH_PATHS = "$(inherited) @executable_path/Frameworks";
				PRODUCT_BUNDLE_IDENTIFIER = com.teus.Mailbox;
				PRODUCT_NAME = "$(TARGET_NAME)";
			};
			name = Release;
		};
		CA70C1471BD8542F00293D40 /* Debug */ = {
			isa = XCBuildConfiguration;
			buildSettings = {
				BUNDLE_LOADER = "$(TEST_HOST)";
				INFOPLIST_FILE = MailboxTests/Info.plist;
				LD_RUNPATH_SEARCH_PATHS = "$(inherited) @executable_path/Frameworks @loader_path/Frameworks";
				PRODUCT_BUNDLE_IDENTIFIER = com.teus.MailboxTests;
				PRODUCT_NAME = "$(TARGET_NAME)";
				TEST_HOST = "$(BUILT_PRODUCTS_DIR)/Mailbox.app/Mailbox";
			};
			name = Debug;
		};
		CA70C1481BD8542F00293D40 /* Release */ = {
			isa = XCBuildConfiguration;
			buildSettings = {
				BUNDLE_LOADER = "$(TEST_HOST)";
				INFOPLIST_FILE = MailboxTests/Info.plist;
				LD_RUNPATH_SEARCH_PATHS = "$(inherited) @executable_path/Frameworks @loader_path/Frameworks";
				PRODUCT_BUNDLE_IDENTIFIER = com.teus.MailboxTests;
				PRODUCT_NAME = "$(TARGET_NAME)";
				TEST_HOST = "$(BUILT_PRODUCTS_DIR)/Mailbox.app/Mailbox";
			};
			name = Release;
		};
		CA70C14A1BD8542F00293D40 /* Debug */ = {
			isa = XCBuildConfiguration;
			buildSettings = {
				INFOPLIST_FILE = MailboxUITests/Info.plist;
				LD_RUNPATH_SEARCH_PATHS = "$(inherited) @executable_path/Frameworks @loader_path/Frameworks";
				PRODUCT_BUNDLE_IDENTIFIER = com.teus.MailboxUITests;
				PRODUCT_NAME = "$(TARGET_NAME)";
				TEST_TARGET_NAME = Mailbox;
				USES_XCTRUNNER = YES;
			};
			name = Debug;
		};
		CA70C14B1BD8542F00293D40 /* Release */ = {
			isa = XCBuildConfiguration;
			buildSettings = {
				INFOPLIST_FILE = MailboxUITests/Info.plist;
				LD_RUNPATH_SEARCH_PATHS = "$(inherited) @executable_path/Frameworks @loader_path/Frameworks";
				PRODUCT_BUNDLE_IDENTIFIER = com.teus.MailboxUITests;
				PRODUCT_NAME = "$(TARGET_NAME)";
				TEST_TARGET_NAME = Mailbox;
				USES_XCTRUNNER = YES;
			};
			name = Release;
		};
/* End XCBuildConfiguration section */

/* Begin XCConfigurationList section */
		CA70C1161BD8542E00293D40 /* Build configuration list for PBXProject "Mailbox" */ = {
			isa = XCConfigurationList;
			buildConfigurations = (
				CA70C1411BD8542F00293D40 /* Debug */,
				CA70C1421BD8542F00293D40 /* Release */,
			);
			defaultConfigurationIsVisible = 0;
			defaultConfigurationName = Release;
		};
		CA70C1431BD8542F00293D40 /* Build configuration list for PBXNativeTarget "Mailbox" */ = {
			isa = XCConfigurationList;
			buildConfigurations = (
				CA70C1441BD8542F00293D40 /* Debug */,
				CA70C1451BD8542F00293D40 /* Release */,
			);
			defaultConfigurationIsVisible = 0;
		};
		CA70C1461BD8542F00293D40 /* Build configuration list for PBXNativeTarget "MailboxTests" */ = {
			isa = XCConfigurationList;
			buildConfigurations = (
				CA70C1471BD8542F00293D40 /* Debug */,
				CA70C1481BD8542F00293D40 /* Release */,
			);
			defaultConfigurationIsVisible = 0;
		};
		CA70C1491BD8542F00293D40 /* Build configuration list for PBXNativeTarget "MailboxUITests" */ = {
			isa = XCConfigurationList;
			buildConfigurations = (
				CA70C14A1BD8542F00293D40 /* Debug */,
				CA70C14B1BD8542F00293D40 /* Release */,
			);
			defaultConfigurationIsVisible = 0;
		};
/* End XCConfigurationList section */
	};
	rootObject = CA70C1131BD8542E00293D40 /* Project object */;
}
